
Microsoft Visual Studio Solution File, Format Version 12.00
# Visual Studio Version 16
VisualStudioVersion = 16.0.33214.272
MinimumVisualStudioVersion = 10.0.40219.1
Project("{9A19103F-16F7-4668-BE54-9A1E7A4F7556}") = "Domain", "Domain\Domain.csproj", "{2FFD9005-672E-4DEC-A447-C241EA807426}"
EndProject
Project("{9A19103F-16F7-4668-BE54-9A1E7A4F7556}") = "Application", "Application\Application.csproj", "{652B306F-F74A-49AD-A2F9-EB279E8390D2}"
EndProject
Project("{9A19103F-16F7-4668-BE54-9A1E7A4F7556}") = "Infrastructure", "Infrastructure\Infrastructure.csproj", "{F92CAA27-CC87-47CC-B2A2-54805ECF97E8}"
EndProject
Project("{9A19103F-16F7-4668-BE54-9A1E7A4F7556}") = "WebApi", "WebApi\WebApi.csproj", "{FDD98E0B-88F5-45AC-84DF-D83D4745CF4C}"
EndProject
Project("{9A19103F-16F7-4668-BE54-9A1E7A4F7556}") = "Shared", "Shared\Shared.csproj", "{CC8D3DE0-95B1-4FF0-8155-50033232A163}"
EndProject
Global
	GlobalSection(SolutionConfigurationPlatforms) = preSolution
		Debug|Any CPU = Debug|Any CPU
		Release|Any CPU = Release|Any CPU
	EndGlobalSection
	GlobalSection(ProjectConfigurationPlatforms) = postSolution
		{2FFD9005-672E-4DEC-A447-C241EA807426}.Debug|Any CPU.ActiveCfg = Debug|Any CPU
		{2FFD9005-672E-4DEC-A447-C241EA807426}.Debug|Any CPU.Build.0 = Debug|Any CPU
		{2FFD9005-672E-4DEC-A447-C241EA807426}.Release|Any CPU.ActiveCfg = Release|Any CPU
		{2FFD9005-672E-4DEC-A447-C241EA807426}.Release|Any CPU.Build.0 = Release|Any CPU
		{652B306F-F74A-49AD-A2F9-EB279E8390D2}.Debug|Any CPU.ActiveCfg = Debug|Any CPU
		{652B306F-F74A-49AD-A2F9-EB279E8390D2}.Debug|Any CPU.Build.0 = Debug|Any CPU
		{652B306F-F74A-49AD-A2F9-EB279E8390D2}.Release|Any CPU.ActiveCfg = Release|Any CPU
		{652B306F-F74A-49AD-A2F9-EB279E8390D2}.Release|Any CPU.Build.0 = Release|Any CPU
		{F92CAA27-CC87-47CC-B2A2-54805ECF97E8}.Debug|Any CPU.ActiveCfg = Debug|Any CPU
		{F92CAA27-CC87-47CC-B2A2-54805ECF97E8}.Debug|Any CPU.Build.0 = Debug|Any CPU
		{F92CAA27-CC87-47CC-B2A2-54805ECF97E8}.Release|Any CPU.ActiveCfg = Release|Any CPU
		{F92CAA27-CC87-47CC-B2A2-54805ECF97E8}.Release|Any CPU.Build.0 = Release|Any CPU
		{FDD98E0B-88F5-45AC-84DF-D83D4745CF4C}.Debug|Any CPU.ActiveCfg = Debug|Any CPU
		{FDD98E0B-88F5-45AC-84DF-D83D4745CF4C}.Debug|Any CPU.Build.0 = Debug|Any CPU
		{FDD98E0B-88F5-45AC-84DF-D83D4745CF4C}.Release|Any CPU.ActiveCfg = Release|Any CPU
		{FDD98E0B-88F5-45AC-84DF-D83D4745CF4C}.Release|Any CPU.Build.0 = Release|Any CPU
		{CC8D3DE0-95B1-4FF0-8155-50033232A163}.Debug|Any CPU.ActiveCfg = Debug|Any CPU
		{CC8D3DE0-95B1-4FF0-8155-50033232A163}.Debug|Any CPU.Build.0 = Debug|Any CPU
		{CC8D3DE0-95B1-4FF0-8155-50033232A163}.Release|Any CPU.ActiveCfg = Release|Any CPU
		{CC8D3DE0-95B1-4FF0-8155-50033232A163}.Release|Any CPU.Build.0 = Release|Any CPU
	EndGlobalSection
	GlobalSection(SolutionProperties) = preSolution
		HideSolutionNode = FALSE
	EndGlobalSection
	GlobalSection(ExtensibilityGlobals) = postSolution
		SolutionGuid = {9F55BF01-05EE-4083-A817-A0070C65EA2B}
	EndGlobalSection
EndGlobal
